
Microsoft Visual Studio Solution File, Format Version 12.00
# Visual Studio 15
VisualStudioVersion = 15.0.28307.168
MinimumVisualStudioVersion = 10.0.40219.1
Project("{FAE04EC0-301F-11D3-BF4B-00C04F79EFBC}") = "DojaCafe", "DojaCafe\DojaCafe.csproj", "{58DAB0A4-D416-4E72-A2E7-F49A65EB306D}"
EndProject
Global
	GlobalSection(SolutionConfigurationPlatforms) = preSolution
		Debug|Any CPU = Debug|Any CPU
		Release|Any CPU = Release|Any CPU
	EndGlobalSection
	GlobalSection(ProjectConfigurationPlatforms) = postSolution
		{58DAB0A4-D416-4E72-A2E7-F49A65EB306D}.Debug|Any CPU.ActiveCfg = Debug|Any CPU
		{58DAB0A4-D416-4E72-A2E7-F49A65EB306D}.Debug|Any CPU.Build.0 = Debug|Any CPU
		{58DAB0A4-D416-4E72-A2E7-F49A65EB306D}.Release|Any CPU.ActiveCfg = Release|Any CPU
		{58DAB0A4-D416-4E72-A2E7-F49A65EB306D}.Release|Any CPU.Build.0 = Release|Any CPU
	EndGlobalSection
	GlobalSection(SolutionProperties) = preSolution
		HideSolutionNode = FALSE
	EndGlobalSection
	GlobalSection(ExtensibilityGlobals) = postSolution
		SolutionGuid = {91F020C4-A1AB-4728-98B0-E631263015E9}
	EndGlobalSection
EndGlobal
